// !$*UTF8*$!
{
	archiveVersion = 1;
	classes = {
	};
	objectVersion = 55;
	objects = {

/* Begin PBXBuildFile section */
		10909A0E01EF7FC39B3C96B3 /* Pods_github_searchTests.framework in Frameworks */ = {isa = PBXBuildFile; fileRef = EA58039E940B24B4D679A899 /* Pods_github_searchTests.framework */; };
		5BA3938722EEFE04E5262776 /* Pods_github_search_github_searchUITests.framework in Frameworks */ = {isa = PBXBuildFile; fileRef = 699FBE98F68AFE33875E4093 /* Pods_github_search_github_searchUITests.framework */; };
		6C93C87F2848A0D300792302 /* AppDelegate.swift in Sources */ = {isa = PBXBuildFile; fileRef = 6C93C87E2848A0D300792302 /* AppDelegate.swift */; };
		6C93C8882848A0D600792302 /* Assets.xcassets in Resources */ = {isa = PBXBuildFile; fileRef = 6C93C8872848A0D600792302 /* Assets.xcassets */; };
		6C93C88B2848A0D600792302 /* LaunchScreen.storyboard in Resources */ = {isa = PBXBuildFile; fileRef = 6C93C8892848A0D600792302 /* LaunchScreen.storyboard */; };
		6C93C8A02848A0D600792302 /* github_searchUITests.swift in Sources */ = {isa = PBXBuildFile; fileRef = 6C93C89F2848A0D600792302 /* github_searchUITests.swift */; };
		6C93C8A22848A0D600792302 /* github_searchUITestsLaunchTests.swift in Sources */ = {isa = PBXBuildFile; fileRef = 6C93C8A12848A0D600792302 /* github_searchUITestsLaunchTests.swift */; };
		6C93C8B52848A3C700792302 /* UIView+AddShadow.swift in Sources */ = {isa = PBXBuildFile; fileRef = 6C93C8B22848A3C700792302 /* UIView+AddShadow.swift */; };
		6C93C8B62848A3C700792302 /* UIView+RoundedCorners.swift in Sources */ = {isa = PBXBuildFile; fileRef = 6C93C8B32848A3C700792302 /* UIView+RoundedCorners.swift */; };
		6C93C8BC2848A3D100792302 /* ReuseIdentifiable.swift in Sources */ = {isa = PBXBuildFile; fileRef = 6C93C8B92848A3D100792302 /* ReuseIdentifiable.swift */; };
		6C93C8C12848A3DB00792302 /* MainCoordinator.swift in Sources */ = {isa = PBXBuildFile; fileRef = 6C93C8C02848A3DB00792302 /* MainCoordinator.swift */; };
		6C93C8CF2848A3E900792302 /* URLFactory.swift in Sources */ = {isa = PBXBuildFile; fileRef = 6C93C8C62848A3E900792302 /* URLFactory.swift */; };
		6C93C8D72848A48E00792302 /* GitHubSearchType.swift in Sources */ = {isa = PBXBuildFile; fileRef = 6C93C8D62848A48E00792302 /* GitHubSearchType.swift */; };
		6C93C8D92848A4B200792302 /* GitHubSearchNetworkService.swift in Sources */ = {isa = PBXBuildFile; fileRef = 6C93C8D82848A4B200792302 /* GitHubSearchNetworkService.swift */; };
		6C93C8DC2848A99400792302 /* GitHubUserResponse.swift in Sources */ = {isa = PBXBuildFile; fileRef = 6C93C8DB2848A99400792302 /* GitHubUserResponse.swift */; };
		6CA08AB5285A257F0029058A /* NetworkServiceTests.swift in Sources */ = {isa = PBXBuildFile; fileRef = 6CA08AB4285A257F0029058A /* NetworkServiceTests.swift */; };
		6CB145CD284E2463000CE621 /* SearchViewModel.swift in Sources */ = {isa = PBXBuildFile; fileRef = 6CB145CC284E2463000CE621 /* SearchViewModel.swift */; };
		6CB145CF284E2481000CE621 /* SearchViewController.swift in Sources */ = {isa = PBXBuildFile; fileRef = 6CB145CE284E2481000CE621 /* SearchViewController.swift */; };
		6CB145D1284E25DA000CE621 /* SearchCoordinator.swift in Sources */ = {isa = PBXBuildFile; fileRef = 6CB145D0284E25DA000CE621 /* SearchCoordinator.swift */; };
		6CC5C60B284F4C3400AAC5FA /* SearchCellView.swift in Sources */ = {isa = PBXBuildFile; fileRef = 6CC5C60A284F4C3400AAC5FA /* SearchCellView.swift */; };
		6CC5C60D284F4CE800AAC5FA /* SearchCellViewModel.swift in Sources */ = {isa = PBXBuildFile; fileRef = 6CC5C60C284F4CE800AAC5FA /* SearchCellViewModel.swift */; };
		6CCF5DB92859A0BD00ACB009 /* UIViewController+Alerts.swift in Sources */ = {isa = PBXBuildFile; fileRef = 6CCF5DB82859A0BD00ACB009 /* UIViewController+Alerts.swift */; };
		6CCF5DBD285A02A300ACB009 /* NetworkServiceMock.swift in Sources */ = {isa = PBXBuildFile; fileRef = 6CCF5DBC285A02A300ACB009 /* NetworkServiceMock.swift */; };
		A56285D844785611F6DE05DF /* Pods_github_search.framework in Frameworks */ = {isa = PBXBuildFile; fileRef = 4EB3195A99D8B84E679F9563 /* Pods_github_search.framework */; };
/* End PBXBuildFile section */

/* Begin PBXContainerItemProxy section */
		6C93C8922848A0D600792302 /* PBXContainerItemProxy */ = {
			isa = PBXContainerItemProxy;
			containerPortal = 6C93C8732848A0D300792302 /* Project object */;
			proxyType = 1;
			remoteGlobalIDString = 6C93C87A2848A0D300792302;
			remoteInfo = "github-search";
		};
		6C93C89C2848A0D600792302 /* PBXContainerItemProxy */ = {
			isa = PBXContainerItemProxy;
			containerPortal = 6C93C8732848A0D300792302 /* Project object */;
			proxyType = 1;
			remoteGlobalIDString = 6C93C87A2848A0D300792302;
			remoteInfo = "github-search";
		};
/* End PBXContainerItemProxy section */

/* Begin PBXFileReference section */
		3C87B25F781CEDD86FA220EE /* Pods-github-searchTests.debug.xcconfig */ = {isa = PBXFileReference; includeInIndex = 1; lastKnownFileType = text.xcconfig; name = "Pods-github-searchTests.debug.xcconfig"; path = "Target Support Files/Pods-github-searchTests/Pods-github-searchTests.debug.xcconfig"; sourceTree = "<group>"; };
		4EB3195A99D8B84E679F9563 /* Pods_github_search.framework */ = {isa = PBXFileReference; explicitFileType = wrapper.framework; includeInIndex = 0; path = Pods_github_search.framework; sourceTree = BUILT_PRODUCTS_DIR; };
		5370325CF415FAD60FBDFE52 /* Pods-github-search-github-searchUITests.release.xcconfig */ = {isa = PBXFileReference; includeInIndex = 1; lastKnownFileType = text.xcconfig; name = "Pods-github-search-github-searchUITests.release.xcconfig"; path = "Target Support Files/Pods-github-search-github-searchUITests/Pods-github-search-github-searchUITests.release.xcconfig"; sourceTree = "<group>"; };
		699FBE98F68AFE33875E4093 /* Pods_github_search_github_searchUITests.framework */ = {isa = PBXFileReference; explicitFileType = wrapper.framework; includeInIndex = 0; path = Pods_github_search_github_searchUITests.framework; sourceTree = BUILT_PRODUCTS_DIR; };
		6C93C87B2848A0D300792302 /* github-search.app */ = {isa = PBXFileReference; explicitFileType = wrapper.application; includeInIndex = 0; path = "github-search.app"; sourceTree = BUILT_PRODUCTS_DIR; };
		6C93C87E2848A0D300792302 /* AppDelegate.swift */ = {isa = PBXFileReference; lastKnownFileType = sourcecode.swift; path = AppDelegate.swift; sourceTree = "<group>"; };
		6C93C8872848A0D600792302 /* Assets.xcassets */ = {isa = PBXFileReference; lastKnownFileType = folder.assetcatalog; path = Assets.xcassets; sourceTree = "<group>"; };
		6C93C88A2848A0D600792302 /* Base */ = {isa = PBXFileReference; lastKnownFileType = file.storyboard; name = Base; path = Base.lproj/LaunchScreen.storyboard; sourceTree = "<group>"; };
		6C93C88C2848A0D600792302 /* Info.plist */ = {isa = PBXFileReference; lastKnownFileType = text.plist.xml; path = Info.plist; sourceTree = "<group>"; };
		6C93C8912848A0D600792302 /* github-searchTests.xctest */ = {isa = PBXFileReference; explicitFileType = wrapper.cfbundle; includeInIndex = 0; path = "github-searchTests.xctest"; sourceTree = BUILT_PRODUCTS_DIR; };
		6C93C89B2848A0D600792302 /* github-searchUITests.xctest */ = {isa = PBXFileReference; explicitFileType = wrapper.cfbundle; includeInIndex = 0; path = "github-searchUITests.xctest"; sourceTree = BUILT_PRODUCTS_DIR; };
		6C93C89F2848A0D600792302 /* github_searchUITests.swift */ = {isa = PBXFileReference; lastKnownFileType = sourcecode.swift; path = github_searchUITests.swift; sourceTree = "<group>"; };
		6C93C8A12848A0D600792302 /* github_searchUITestsLaunchTests.swift */ = {isa = PBXFileReference; lastKnownFileType = sourcecode.swift; path = github_searchUITestsLaunchTests.swift; sourceTree = "<group>"; };
		6C93C8B22848A3C700792302 /* UIView+AddShadow.swift */ = {isa = PBXFileReference; fileEncoding = 4; lastKnownFileType = sourcecode.swift; path = "UIView+AddShadow.swift"; sourceTree = "<group>"; };
		6C93C8B32848A3C700792302 /* UIView+RoundedCorners.swift */ = {isa = PBXFileReference; fileEncoding = 4; lastKnownFileType = sourcecode.swift; path = "UIView+RoundedCorners.swift"; sourceTree = "<group>"; };
		6C93C8B92848A3D100792302 /* ReuseIdentifiable.swift */ = {isa = PBXFileReference; fileEncoding = 4; lastKnownFileType = sourcecode.swift; path = ReuseIdentifiable.swift; sourceTree = "<group>"; };
		6C93C8C02848A3DB00792302 /* MainCoordinator.swift */ = {isa = PBXFileReference; fileEncoding = 4; lastKnownFileType = sourcecode.swift; path = MainCoordinator.swift; sourceTree = "<group>"; };
		6C93C8C62848A3E900792302 /* URLFactory.swift */ = {isa = PBXFileReference; fileEncoding = 4; lastKnownFileType = sourcecode.swift; path = URLFactory.swift; sourceTree = "<group>"; };
		6C93C8D62848A48E00792302 /* GitHubSearchType.swift */ = {isa = PBXFileReference; lastKnownFileType = sourcecode.swift; path = GitHubSearchType.swift; sourceTree = "<group>"; };
		6C93C8D82848A4B200792302 /* GitHubSearchNetworkService.swift */ = {isa = PBXFileReference; lastKnownFileType = sourcecode.swift; path = GitHubSearchNetworkService.swift; sourceTree = "<group>"; };
		6C93C8DB2848A99400792302 /* GitHubUserResponse.swift */ = {isa = PBXFileReference; lastKnownFileType = sourcecode.swift; path = GitHubUserResponse.swift; sourceTree = "<group>"; };
		6CA08AB4285A257F0029058A /* NetworkServiceTests.swift */ = {isa = PBXFileReference; lastKnownFileType = sourcecode.swift; path = NetworkServiceTests.swift; sourceTree = "<group>"; };
		6CB145CC284E2463000CE621 /* SearchViewModel.swift */ = {isa = PBXFileReference; lastKnownFileType = sourcecode.swift; path = SearchViewModel.swift; sourceTree = "<group>"; };
		6CB145CE284E2481000CE621 /* SearchViewController.swift */ = {isa = PBXFileReference; lastKnownFileType = sourcecode.swift; path = SearchViewController.swift; sourceTree = "<group>"; };
		6CB145D0284E25DA000CE621 /* SearchCoordinator.swift */ = {isa = PBXFileReference; lastKnownFileType = sourcecode.swift; path = SearchCoordinator.swift; sourceTree = "<group>"; };
		6CC5C60A284F4C3400AAC5FA /* SearchCellView.swift */ = {isa = PBXFileReference; lastKnownFileType = sourcecode.swift; path = SearchCellView.swift; sourceTree = "<group>"; };
		6CC5C60C284F4CE800AAC5FA /* SearchCellViewModel.swift */ = {isa = PBXFileReference; lastKnownFileType = sourcecode.swift; path = SearchCellViewModel.swift; sourceTree = "<group>"; };
		6CCF5DB82859A0BD00ACB009 /* UIViewController+Alerts.swift */ = {isa = PBXFileReference; fileEncoding = 4; lastKnownFileType = sourcecode.swift; path = "UIViewController+Alerts.swift"; sourceTree = "<group>"; };
		6CCF5DBC285A02A300ACB009 /* NetworkServiceMock.swift */ = {isa = PBXFileReference; lastKnownFileType = sourcecode.swift; path = NetworkServiceMock.swift; sourceTree = "<group>"; };
		792B015A9B1DC868A1220B6E /* Pods-github-searchTests.release.xcconfig */ = {isa = PBXFileReference; includeInIndex = 1; lastKnownFileType = text.xcconfig; name = "Pods-github-searchTests.release.xcconfig"; path = "Target Support Files/Pods-github-searchTests/Pods-github-searchTests.release.xcconfig"; sourceTree = "<group>"; };
		A98566FB01FC336EDE703552 /* Pods-github-search.release.xcconfig */ = {isa = PBXFileReference; includeInIndex = 1; lastKnownFileType = text.xcconfig; name = "Pods-github-search.release.xcconfig"; path = "Target Support Files/Pods-github-search/Pods-github-search.release.xcconfig"; sourceTree = "<group>"; };
		C0DFC1DCC8B1027595B606A0 /* Pods-github-search-github-searchUITests.debug.xcconfig */ = {isa = PBXFileReference; includeInIndex = 1; lastKnownFileType = text.xcconfig; name = "Pods-github-search-github-searchUITests.debug.xcconfig"; path = "Target Support Files/Pods-github-search-github-searchUITests/Pods-github-search-github-searchUITests.debug.xcconfig"; sourceTree = "<group>"; };
		EA58039E940B24B4D679A899 /* Pods_github_searchTests.framework */ = {isa = PBXFileReference; explicitFileType = wrapper.framework; includeInIndex = 0; path = Pods_github_searchTests.framework; sourceTree = BUILT_PRODUCTS_DIR; };
		ECA25E53BA5E42E12055CF57 /* Pods-github-search.debug.xcconfig */ = {isa = PBXFileReference; includeInIndex = 1; lastKnownFileType = text.xcconfig; name = "Pods-github-search.debug.xcconfig"; path = "Target Support Files/Pods-github-search/Pods-github-search.debug.xcconfig"; sourceTree = "<group>"; };
/* End PBXFileReference section */

/* Begin PBXFrameworksBuildPhase section */
		6C93C8782848A0D300792302 /* Frameworks */ = {
			isa = PBXFrameworksBuildPhase;
			buildActionMask = 2147483647;
			files = (
				A56285D844785611F6DE05DF /* Pods_github_search.framework in Frameworks */,
			);
			runOnlyForDeploymentPostprocessing = 0;
		};
		6C93C88E2848A0D600792302 /* Frameworks */ = {
			isa = PBXFrameworksBuildPhase;
			buildActionMask = 2147483647;
			files = (
				10909A0E01EF7FC39B3C96B3 /* Pods_github_searchTests.framework in Frameworks */,
			);
			runOnlyForDeploymentPostprocessing = 0;
		};
		6C93C8982848A0D600792302 /* Frameworks */ = {
			isa = PBXFrameworksBuildPhase;
			buildActionMask = 2147483647;
			files = (
				5BA3938722EEFE04E5262776 /* Pods_github_search_github_searchUITests.framework in Frameworks */,
			);
			runOnlyForDeploymentPostprocessing = 0;
		};
/* End PBXFrameworksBuildPhase section */

/* Begin PBXGroup section */
		4DE4B16D94917D3074B06C69 /* Frameworks */ = {
			isa = PBXGroup;
			children = (
				4EB3195A99D8B84E679F9563 /* Pods_github_search.framework */,
				699FBE98F68AFE33875E4093 /* Pods_github_search_github_searchUITests.framework */,
				EA58039E940B24B4D679A899 /* Pods_github_searchTests.framework */,
			);
			name = Frameworks;
			sourceTree = "<group>";
		};
		6C93C8722848A0D300792302 = {
			isa = PBXGroup;
			children = (
				6C93C87D2848A0D300792302 /* github-search */,
				6C93C8942848A0D600792302 /* github-searchTests */,
				6C93C89E2848A0D600792302 /* github-searchUITests */,
				6C93C87C2848A0D300792302 /* Products */,
				C47270D43C751B3EB5F5A6F5 /* Pods */,
				4DE4B16D94917D3074B06C69 /* Frameworks */,
			);
			sourceTree = "<group>";
		};
		6C93C87C2848A0D300792302 /* Products */ = {
			isa = PBXGroup;
			children = (
				6C93C87B2848A0D300792302 /* github-search.app */,
				6C93C8912848A0D600792302 /* github-searchTests.xctest */,
				6C93C89B2848A0D600792302 /* github-searchUITests.xctest */,
			);
			name = Products;
			sourceTree = "<group>";
		};
		6C93C87D2848A0D300792302 /* github-search */ = {
			isa = PBXGroup;
			children = (
				6C93C8AF2848A31800792302 /* Sources */,
				6C93C8AE2848A31200792302 /* Resources */,
			);
			path = "github-search";
			sourceTree = "<group>";
		};
		6C93C8942848A0D600792302 /* github-searchTests */ = {
			isa = PBXGroup;
			children = (
				6CA08AB3285A25410029058A /* Mocks */,
				6CA08AB2285A252E0029058A /* NetworkTests */,
			);
			path = "github-searchTests";
			sourceTree = "<group>";
		};
		6C93C89E2848A0D600792302 /* github-searchUITests */ = {
			isa = PBXGroup;
			children = (
				6C93C89F2848A0D600792302 /* github_searchUITests.swift */,
				6C93C8A12848A0D600792302 /* github_searchUITestsLaunchTests.swift */,
			);
			path = "github-searchUITests";
			sourceTree = "<group>";
		};
		6C93C8AE2848A31200792302 /* Resources */ = {
			isa = PBXGroup;
			children = (
				6C93C88C2848A0D600792302 /* Info.plist */,
				6C93C8872848A0D600792302 /* Assets.xcassets */,
			);
			path = Resources;
			sourceTree = "<group>";
		};
		6C93C8AF2848A31800792302 /* Sources */ = {
			isa = PBXGroup;
			children = (
				6C93C8B02848A34C00792302 /* Application */,
				6C93C8B12848A3C700792302 /* Extensions */,
				6C93C8D52848A44C00792302 /* Modules */,
				6C93C8B82848A3D100792302 /* Protocols */,
				6C93C8C22848A3E900792302 /* Services */,
				6C93C8BF2848A3DB00792302 /* Utils */,
			);
			path = Sources;
			sourceTree = "<group>";
		};
		6C93C8B02848A34C00792302 /* Application */ = {
			isa = PBXGroup;
			children = (
				6C93C87E2848A0D300792302 /* AppDelegate.swift */,
				6C93C8892848A0D600792302 /* LaunchScreen.storyboard */,
			);
			path = Application;
			sourceTree = "<group>";
		};
		6C93C8B12848A3C700792302 /* Extensions */ = {
			isa = PBXGroup;
			children = (
				6CCF5DB82859A0BD00ACB009 /* UIViewController+Alerts.swift */,
				6C93C8B22848A3C700792302 /* UIView+AddShadow.swift */,
				6C93C8B32848A3C700792302 /* UIView+RoundedCorners.swift */,
			);
			path = Extensions;
			sourceTree = "<group>";
		};
		6C93C8B82848A3D100792302 /* Protocols */ = {
			isa = PBXGroup;
			children = (
				6C93C8B92848A3D100792302 /* ReuseIdentifiable.swift */,
			);
			path = Protocols;
			sourceTree = "<group>";
		};
		6C93C8BF2848A3DB00792302 /* Utils */ = {
			isa = PBXGroup;
			children = (
				6C93C8C02848A3DB00792302 /* MainCoordinator.swift */,
			);
			path = Utils;
			sourceTree = "<group>";
		};
		6C93C8C22848A3E900792302 /* Services */ = {
			isa = PBXGroup;
			children = (
				6C93C8C52848A3E900792302 /* Network */,
			);
			path = Services;
			sourceTree = "<group>";
		};
		6C93C8C52848A3E900792302 /* Network */ = {
			isa = PBXGroup;
			children = (
				6C93C8CA2848A3E900792302 /* NetworkService */,
				6C93C8C72848A3E900792302 /* Responses */,
				6C93C8C62848A3E900792302 /* URLFactory.swift */,
			);
			path = Network;
			sourceTree = "<group>";
		};
		6C93C8C72848A3E900792302 /* Responses */ = {
			isa = PBXGroup;
			children = (
				6C93C8DB2848A99400792302 /* GitHubUserResponse.swift */,
			);
			path = Responses;
			sourceTree = "<group>";
		};
		6C93C8CA2848A3E900792302 /* NetworkService */ = {
			isa = PBXGroup;
			children = (
				6C93C8DA2848A4BD00792302 /* GutHubSearch */,
			);
			path = NetworkService;
			sourceTree = "<group>";
		};
		6C93C8D52848A44C00792302 /* Modules */ = {
			isa = PBXGroup;
			children = (
				6CB145CB284E1FEC000CE621 /* Search */,
			);
			path = Modules;
			sourceTree = "<group>";
		};
		6C93C8DA2848A4BD00792302 /* GutHubSearch */ = {
			isa = PBXGroup;
			children = (
				6C93C8D62848A48E00792302 /* GitHubSearchType.swift */,
				6C93C8D82848A4B200792302 /* GitHubSearchNetworkService.swift */,
			);
			path = GutHubSearch;
			sourceTree = "<group>";
		};
		6CA08AB2285A252E0029058A /* NetworkTests */ = {
			isa = PBXGroup;
			children = (
				6CA08AB4285A257F0029058A /* NetworkServiceTests.swift */,
			);
			path = NetworkTests;
			sourceTree = "<group>";
		};
		6CA08AB3285A25410029058A /* Mocks */ = {
			isa = PBXGroup;
			children = (
				6CCF5DBC285A02A300ACB009 /* NetworkServiceMock.swift */,
			);
			path = Mocks;
			sourceTree = "<group>";
		};
		6CB145CB284E1FEC000CE621 /* Search */ = {
			isa = PBXGroup;
			children = (
				6CC5C609284F4C2300AAC5FA /* SearchCell */,
				6CB145CC284E2463000CE621 /* SearchViewModel.swift */,
				6CB145CE284E2481000CE621 /* SearchViewController.swift */,
				6CB145D0284E25DA000CE621 /* SearchCoordinator.swift */,
			);
			path = Search;
			sourceTree = "<group>";
		};
		6CC5C609284F4C2300AAC5FA /* SearchCell */ = {
			isa = PBXGroup;
			children = (
				6CC5C60A284F4C3400AAC5FA /* SearchCellView.swift */,
				6CC5C60C284F4CE800AAC5FA /* SearchCellViewModel.swift */,
			);
			path = SearchCell;
			sourceTree = "<group>";
		};
		C47270D43C751B3EB5F5A6F5 /* Pods */ = {
			isa = PBXGroup;
			children = (
				ECA25E53BA5E42E12055CF57 /* Pods-github-search.debug.xcconfig */,
				A98566FB01FC336EDE703552 /* Pods-github-search.release.xcconfig */,
				C0DFC1DCC8B1027595B606A0 /* Pods-github-search-github-searchUITests.debug.xcconfig */,
				5370325CF415FAD60FBDFE52 /* Pods-github-search-github-searchUITests.release.xcconfig */,
				3C87B25F781CEDD86FA220EE /* Pods-github-searchTests.debug.xcconfig */,
				792B015A9B1DC868A1220B6E /* Pods-github-searchTests.release.xcconfig */,
			);
			path = Pods;
			sourceTree = "<group>";
		};
/* End PBXGroup section */

/* Begin PBXNativeTarget section */
		6C93C87A2848A0D300792302 /* github-search */ = {
			isa = PBXNativeTarget;
			buildConfigurationList = 6C93C8A52848A0D600792302 /* Build configuration list for PBXNativeTarget "github-search" */;
			buildPhases = (
				CF4BE98B525982E42CBF0E01 /* [CP] Check Pods Manifest.lock */,
				6C93C8772848A0D300792302 /* Sources */,
				6C93C8782848A0D300792302 /* Frameworks */,
				6C93C8792848A0D300792302 /* Resources */,
				2F71F89A4E4669146722B3DC /* [CP] Embed Pods Frameworks */,
			);
			buildRules = (
			);
			dependencies = (
			);
			name = "github-search";
			productName = "github-search";
			productReference = 6C93C87B2848A0D300792302 /* github-search.app */;
			productType = "com.apple.product-type.application";
		};
		6C93C8902848A0D600792302 /* github-searchTests */ = {
			isa = PBXNativeTarget;
			buildConfigurationList = 6C93C8A82848A0D600792302 /* Build configuration list for PBXNativeTarget "github-searchTests" */;
			buildPhases = (
				6B0BF61598D2B54BD50C63A8 /* [CP] Check Pods Manifest.lock */,
				6C93C88D2848A0D600792302 /* Sources */,
				6C93C88E2848A0D600792302 /* Frameworks */,
				6C93C88F2848A0D600792302 /* Resources */,
				877F9F1D2726ECDFF21897D5 /* [CP] Embed Pods Frameworks */,
			);
			buildRules = (
			);
			dependencies = (
				6C93C8932848A0D600792302 /* PBXTargetDependency */,
			);
			name = "github-searchTests";
			productName = "github-searchTests";
			productReference = 6C93C8912848A0D600792302 /* github-searchTests.xctest */;
			productType = "com.apple.product-type.bundle.unit-test";
		};
		6C93C89A2848A0D600792302 /* github-searchUITests */ = {
			isa = PBXNativeTarget;
			buildConfigurationList = 6C93C8AB2848A0D600792302 /* Build configuration list for PBXNativeTarget "github-searchUITests" */;
			buildPhases = (
				1E6804D2B016CF509B474B96 /* [CP] Check Pods Manifest.lock */,
				6C93C8972848A0D600792302 /* Sources */,
				6C93C8982848A0D600792302 /* Frameworks */,
				6C93C8992848A0D600792302 /* Resources */,
				CB5B41F84A5D0BDCA971D610 /* [CP] Embed Pods Frameworks */,
			);
			buildRules = (
			);
			dependencies = (
				6C93C89D2848A0D600792302 /* PBXTargetDependency */,
			);
			name = "github-searchUITests";
			productName = "github-searchUITests";
			productReference = 6C93C89B2848A0D600792302 /* github-searchUITests.xctest */;
			productType = "com.apple.product-type.bundle.ui-testing";
		};
/* End PBXNativeTarget section */

/* Begin PBXProject section */
		6C93C8732848A0D300792302 /* Project object */ = {
			isa = PBXProject;
			attributes = {
				BuildIndependentTargetsInParallel = 1;
				LastSwiftUpdateCheck = 1310;
				LastUpgradeCheck = 1310;
				TargetAttributes = {
					6C93C87A2848A0D300792302 = {
						CreatedOnToolsVersion = 13.1;
					};
					6C93C8902848A0D600792302 = {
						CreatedOnToolsVersion = 13.1;
						TestTargetID = 6C93C87A2848A0D300792302;
					};
					6C93C89A2848A0D600792302 = {
						CreatedOnToolsVersion = 13.1;
						TestTargetID = 6C93C87A2848A0D300792302;
					};
				};
			};
			buildConfigurationList = 6C93C8762848A0D300792302 /* Build configuration list for PBXProject "github-search" */;
			compatibilityVersion = "Xcode 13.0";
			developmentRegion = en;
			hasScannedForEncodings = 0;
			knownRegions = (
				en,
				Base,
			);
			mainGroup = 6C93C8722848A0D300792302;
			productRefGroup = 6C93C87C2848A0D300792302 /* Products */;
			projectDirPath = "";
			projectRoot = "";
			targets = (
				6C93C87A2848A0D300792302 /* github-search */,
				6C93C8902848A0D600792302 /* github-searchTests */,
				6C93C89A2848A0D600792302 /* github-searchUITests */,
			);
		};
/* End PBXProject section */

/* Begin PBXResourcesBuildPhase section */
		6C93C8792848A0D300792302 /* Resources */ = {
			isa = PBXResourcesBuildPhase;
			buildActionMask = 2147483647;
			files = (
				6C93C88B2848A0D600792302 /* LaunchScreen.storyboard in Resources */,
				6C93C8882848A0D600792302 /* Assets.xcassets in Resources */,
			);
			runOnlyForDeploymentPostprocessing = 0;
		};
		6C93C88F2848A0D600792302 /* Resources */ = {
			isa = PBXResourcesBuildPhase;
			buildActionMask = 2147483647;
			files = (
			);
			runOnlyForDeploymentPostprocessing = 0;
		};
		6C93C8992848A0D600792302 /* Resources */ = {
			isa = PBXResourcesBuildPhase;
			buildActionMask = 2147483647;
			files = (
			);
			runOnlyForDeploymentPostprocessing = 0;
		};
/* End PBXResourcesBuildPhase section */

/* Begin PBXShellScriptBuildPhase section */
		1E6804D2B016CF509B474B96 /* [CP] Check Pods Manifest.lock */ = {
			isa = PBXShellScriptBuildPhase;
			buildActionMask = 2147483647;
			files = (
			);
			inputFileListPaths = (
			);
			inputPaths = (
				"${PODS_PODFILE_DIR_PATH}/Podfile.lock",
				"${PODS_ROOT}/Manifest.lock",
			);
			name = "[CP] Check Pods Manifest.lock";
			outputFileListPaths = (
			);
			outputPaths = (
				"$(DERIVED_FILE_DIR)/Pods-github-search-github-searchUITests-checkManifestLockResult.txt",
			);
			runOnlyForDeploymentPostprocessing = 0;
			shellPath = /bin/sh;
			shellScript = "diff \"${PODS_PODFILE_DIR_PATH}/Podfile.lock\" \"${PODS_ROOT}/Manifest.lock\" > /dev/null\nif [ $? != 0 ] ; then\n    # print error to STDERR\n    echo \"error: The sandbox is not in sync with the Podfile.lock. Run 'pod install' or update your CocoaPods installation.\" >&2\n    exit 1\nfi\n# This output is used by Xcode 'outputs' to avoid re-running this script phase.\necho \"SUCCESS\" > \"${SCRIPT_OUTPUT_FILE_0}\"\n";
			showEnvVarsInLog = 0;
		};
		2F71F89A4E4669146722B3DC /* [CP] Embed Pods Frameworks */ = {
			isa = PBXShellScriptBuildPhase;
			buildActionMask = 2147483647;
			files = (
			);
			inputFileListPaths = (
				"${PODS_ROOT}/Target Support Files/Pods-github-search/Pods-github-search-frameworks-${CONFIGURATION}-input-files.xcfilelist",
			);
			name = "[CP] Embed Pods Frameworks";
			outputFileListPaths = (
				"${PODS_ROOT}/Target Support Files/Pods-github-search/Pods-github-search-frameworks-${CONFIGURATION}-output-files.xcfilelist",
			);
			runOnlyForDeploymentPostprocessing = 0;
			shellPath = /bin/sh;
			shellScript = "\"${PODS_ROOT}/Target Support Files/Pods-github-search/Pods-github-search-frameworks.sh\"\n";
			showEnvVarsInLog = 0;
		};
		6B0BF61598D2B54BD50C63A8 /* [CP] Check Pods Manifest.lock */ = {
			isa = PBXShellScriptBuildPhase;
			buildActionMask = 2147483647;
			files = (
			);
			inputFileListPaths = (
			);
			inputPaths = (
				"${PODS_PODFILE_DIR_PATH}/Podfile.lock",
				"${PODS_ROOT}/Manifest.lock",
			);
			name = "[CP] Check Pods Manifest.lock";
			outputFileListPaths = (
			);
			outputPaths = (
				"$(DERIVED_FILE_DIR)/Pods-github-searchTests-checkManifestLockResult.txt",
			);
			runOnlyForDeploymentPostprocessing = 0;
			shellPath = /bin/sh;
			shellScript = "diff \"${PODS_PODFILE_DIR_PATH}/Podfile.lock\" \"${PODS_ROOT}/Manifest.lock\" > /dev/null\nif [ $? != 0 ] ; then\n    # print error to STDERR\n    echo \"error: The sandbox is not in sync with the Podfile.lock. Run 'pod install' or update your CocoaPods installation.\" >&2\n    exit 1\nfi\n# This output is used by Xcode 'outputs' to avoid re-running this script phase.\necho \"SUCCESS\" > \"${SCRIPT_OUTPUT_FILE_0}\"\n";
			showEnvVarsInLog = 0;
		};
		877F9F1D2726ECDFF21897D5 /* [CP] Embed Pods Frameworks */ = {
			isa = PBXShellScriptBuildPhase;
			buildActionMask = 2147483647;
			files = (
			);
			inputFileListPaths = (
				"${PODS_ROOT}/Target Support Files/Pods-github-searchTests/Pods-github-searchTests-frameworks-${CONFIGURATION}-input-files.xcfilelist",
			);
			name = "[CP] Embed Pods Frameworks";
			outputFileListPaths = (
				"${PODS_ROOT}/Target Support Files/Pods-github-searchTests/Pods-github-searchTests-frameworks-${CONFIGURATION}-output-files.xcfilelist",
			);
			runOnlyForDeploymentPostprocessing = 0;
			shellPath = /bin/sh;
			shellScript = "\"${PODS_ROOT}/Target Support Files/Pods-github-searchTests/Pods-github-searchTests-frameworks.sh\"\n";
			showEnvVarsInLog = 0;
		};
		CB5B41F84A5D0BDCA971D610 /* [CP] Embed Pods Frameworks */ = {
			isa = PBXShellScriptBuildPhase;
			buildActionMask = 2147483647;
			files = (
			);
			inputFileListPaths = (
				"${PODS_ROOT}/Target Support Files/Pods-github-search-github-searchUITests/Pods-github-search-github-searchUITests-frameworks-${CONFIGURATION}-input-files.xcfilelist",
			);
			name = "[CP] Embed Pods Frameworks";
			outputFileListPaths = (
				"${PODS_ROOT}/Target Support Files/Pods-github-search-github-searchUITests/Pods-github-search-github-searchUITests-frameworks-${CONFIGURATION}-output-files.xcfilelist",
			);
			runOnlyForDeploymentPostprocessing = 0;
			shellPath = /bin/sh;
			shellScript = "\"${PODS_ROOT}/Target Support Files/Pods-github-search-github-searchUITests/Pods-github-search-github-searchUITests-frameworks.sh\"\n";
			showEnvVarsInLog = 0;
		};
		CF4BE98B525982E42CBF0E01 /* [CP] Check Pods Manifest.lock */ = {
			isa = PBXShellScriptBuildPhase;
			buildActionMask = 2147483647;
			files = (
			);
			inputFileListPaths = (
			);
			inputPaths = (
				"${PODS_PODFILE_DIR_PATH}/Podfile.lock",
				"${PODS_ROOT}/Manifest.lock",
			);
			name = "[CP] Check Pods Manifest.lock";
			outputFileListPaths = (
			);
			outputPaths = (
				"$(DERIVED_FILE_DIR)/Pods-github-search-checkManifestLockResult.txt",
			);
			runOnlyForDeploymentPostprocessing = 0;
			shellPath = /bin/sh;
			shellScript = "diff \"${PODS_PODFILE_DIR_PATH}/Podfile.lock\" \"${PODS_ROOT}/Manifest.lock\" > /dev/null\nif [ $? != 0 ] ; then\n    # print error to STDERR\n    echo \"error: The sandbox is not in sync with the Podfile.lock. Run 'pod install' or update your CocoaPods installation.\" >&2\n    exit 1\nfi\n# This output is used by Xcode 'outputs' to avoid re-running this script phase.\necho \"SUCCESS\" > \"${SCRIPT_OUTPUT_FILE_0}\"\n";
			showEnvVarsInLog = 0;
		};
/* End PBXShellScriptBuildPhase section */

/* Begin PBXSourcesBuildPhase section */
		6C93C8772848A0D300792302 /* Sources */ = {
			isa = PBXSourcesBuildPhase;
			buildActionMask = 2147483647;
			files = (
				6CC5C60B284F4C3400AAC5FA /* SearchCellView.swift in Sources */,
				6C93C8C12848A3DB00792302 /* MainCoordinator.swift in Sources */,
				6C93C8D92848A4B200792302 /* GitHubSearchNetworkService.swift in Sources */,
				6C93C8BC2848A3D100792302 /* ReuseIdentifiable.swift in Sources */,
				6CC5C60D284F4CE800AAC5FA /* SearchCellViewModel.swift in Sources */,
				6C93C8B62848A3C700792302 /* UIView+RoundedCorners.swift in Sources */,
				6CB145CD284E2463000CE621 /* SearchViewModel.swift in Sources */,
				6C93C8DC2848A99400792302 /* GitHubUserResponse.swift in Sources */,
				6CB145CF284E2481000CE621 /* SearchViewController.swift in Sources */,
				6C93C8CF2848A3E900792302 /* URLFactory.swift in Sources */,
				6CCF5DB92859A0BD00ACB009 /* UIViewController+Alerts.swift in Sources */,
				6C93C8B52848A3C700792302 /* UIView+AddShadow.swift in Sources */,
				6C93C87F2848A0D300792302 /* AppDelegate.swift in Sources */,
				6CB145D1284E25DA000CE621 /* SearchCoordinator.swift in Sources */,
				6C93C8D72848A48E00792302 /* GitHubSearchType.swift in Sources */,
			);
			runOnlyForDeploymentPostprocessing = 0;
		};
		6C93C88D2848A0D600792302 /* Sources */ = {
			isa = PBXSourcesBuildPhase;
			buildActionMask = 2147483647;
			files = (
				6CA08AB5285A257F0029058A /* NetworkServiceTests.swift in Sources */,
				6CCF5DBD285A02A300ACB009 /* NetworkServiceMock.swift in Sources */,
			);
			runOnlyForDeploymentPostprocessing = 0;
		};
		6C93C8972848A0D600792302 /* Sources */ = {
			isa = PBXSourcesBuildPhase;
			buildActionMask = 2147483647;
			files = (
				6C93C8A02848A0D600792302 /* github_searchUITests.swift in Sources */,
				6C93C8A22848A0D600792302 /* github_searchUITestsLaunchTests.swift in Sources */,
			);
			runOnlyForDeploymentPostprocessing = 0;
		};
/* End PBXSourcesBuildPhase section */

/* Begin PBXTargetDependency section */
		6C93C8932848A0D600792302 /* PBXTargetDependency */ = {
			isa = PBXTargetDependency;
			target = 6C93C87A2848A0D300792302 /* github-search */;
			targetProxy = 6C93C8922848A0D600792302 /* PBXContainerItemProxy */;
		};
		6C93C89D2848A0D600792302 /* PBXTargetDependency */ = {
			isa = PBXTargetDependency;
			target = 6C93C87A2848A0D300792302 /* github-search */;
			targetProxy = 6C93C89C2848A0D600792302 /* PBXContainerItemProxy */;
		};
/* End PBXTargetDependency section */

/* Begin PBXVariantGroup section */
		6C93C8892848A0D600792302 /* LaunchScreen.storyboard */ = {
			isa = PBXVariantGroup;
			children = (
				6C93C88A2848A0D600792302 /* Base */,
			);
			name = LaunchScreen.storyboard;
			sourceTree = "<group>";
		};
/* End PBXVariantGroup section */

/* Begin XCBuildConfiguration section */
		6C93C8A32848A0D600792302 /* Debug */ = {
			isa = XCBuildConfiguration;
			buildSettings = {
				ALWAYS_SEARCH_USER_PATHS = NO;
				CLANG_ANALYZER_NONNULL = YES;
				CLANG_ANALYZER_NUMBER_OBJECT_CONVERSION = YES_AGGRESSIVE;
				CLANG_CXX_LANGUAGE_STANDARD = "gnu++17";
				CLANG_CXX_LIBRARY = "libc++";
				CLANG_ENABLE_MODULES = YES;
				CLANG_ENABLE_OBJC_ARC = YES;
				CLANG_ENABLE_OBJC_WEAK = YES;
				CLANG_WARN_BLOCK_CAPTURE_AUTORELEASING = YES;
				CLANG_WARN_BOOL_CONVERSION = YES;
				CLANG_WARN_COMMA = YES;
				CLANG_WARN_CONSTANT_CONVERSION = YES;
				CLANG_WARN_DEPRECATED_OBJC_IMPLEMENTATIONS = YES;
				CLANG_WARN_DIRECT_OBJC_ISA_USAGE = YES_ERROR;
				CLANG_WARN_DOCUMENTATION_COMMENTS = YES;
				CLANG_WARN_EMPTY_BODY = YES;
				CLANG_WARN_ENUM_CONVERSION = YES;
				CLANG_WARN_INFINITE_RECURSION = YES;
				CLANG_WARN_INT_CONVERSION = YES;
				CLANG_WARN_NON_LITERAL_NULL_CONVERSION = YES;
				CLANG_WARN_OBJC_IMPLICIT_RETAIN_SELF = YES;
				CLANG_WARN_OBJC_LITERAL_CONVERSION = YES;
				CLANG_WARN_OBJC_ROOT_CLASS = YES_ERROR;
				CLANG_WARN_QUOTED_INCLUDE_IN_FRAMEWORK_HEADER = YES;
				CLANG_WARN_RANGE_LOOP_ANALYSIS = YES;
				CLANG_WARN_STRICT_PROTOTYPES = YES;
				CLANG_WARN_SUSPICIOUS_MOVE = YES;
				CLANG_WARN_UNGUARDED_AVAILABILITY = YES_AGGRESSIVE;
				CLANG_WARN_UNREACHABLE_CODE = YES;
				CLANG_WARN__DUPLICATE_METHOD_MATCH = YES;
				COPY_PHASE_STRIP = NO;
				DEBUG_INFORMATION_FORMAT = dwarf;
				ENABLE_STRICT_OBJC_MSGSEND = YES;
				ENABLE_TESTABILITY = YES;
				GCC_C_LANGUAGE_STANDARD = gnu11;
				GCC_DYNAMIC_NO_PIC = NO;
				GCC_NO_COMMON_BLOCKS = YES;
				GCC_OPTIMIZATION_LEVEL = 0;
				GCC_PREPROCESSOR_DEFINITIONS = (
					"DEBUG=1",
					"$(inherited)",
				);
				GCC_WARN_64_TO_32_BIT_CONVERSION = YES;
				GCC_WARN_ABOUT_RETURN_TYPE = YES_ERROR;
				GCC_WARN_UNDECLARED_SELECTOR = YES;
				GCC_WARN_UNINITIALIZED_AUTOS = YES_AGGRESSIVE;
				GCC_WARN_UNUSED_FUNCTION = YES;
				GCC_WARN_UNUSED_VARIABLE = YES;
				IPHONEOS_DEPLOYMENT_TARGET = 15.0;
				MTL_ENABLE_DEBUG_INFO = INCLUDE_SOURCE;
				MTL_FAST_MATH = YES;
				ONLY_ACTIVE_ARCH = YES;
				SDKROOT = iphoneos;
				SWIFT_ACTIVE_COMPILATION_CONDITIONS = DEBUG;
				SWIFT_OPTIMIZATION_LEVEL = "-Onone";
			};
			name = Debug;
		};
		6C93C8A42848A0D600792302 /* Release */ = {
			isa = XCBuildConfiguration;
			buildSettings = {
				ALWAYS_SEARCH_USER_PATHS = NO;
				CLANG_ANALYZER_NONNULL = YES;
				CLANG_ANALYZER_NUMBER_OBJECT_CONVERSION = YES_AGGRESSIVE;
				CLANG_CXX_LANGUAGE_STANDARD = "gnu++17";
				CLANG_CXX_LIBRARY = "libc++";
				CLANG_ENABLE_MODULES = YES;
				CLANG_ENABLE_OBJC_ARC = YES;
				CLANG_ENABLE_OBJC_WEAK = YES;
				CLANG_WARN_BLOCK_CAPTURE_AUTORELEASING = YES;
				CLANG_WARN_BOOL_CONVERSION = YES;
				CLANG_WARN_COMMA = YES;
				CLANG_WARN_CONSTANT_CONVERSION = YES;
				CLANG_WARN_DEPRECATED_OBJC_IMPLEMENTATIONS = YES;
				CLANG_WARN_DIRECT_OBJC_ISA_USAGE = YES_ERROR;
				CLANG_WARN_DOCUMENTATION_COMMENTS = YES;
				CLANG_WARN_EMPTY_BODY = YES;
				CLANG_WARN_ENUM_CONVERSION = YES;
				CLANG_WARN_INFINITE_RECURSION = YES;
				CLANG_WARN_INT_CONVERSION = YES;
				CLANG_WARN_NON_LITERAL_NULL_CONVERSION = YES;
				CLANG_WARN_OBJC_IMPLICIT_RETAIN_SELF = YES;
				CLANG_WARN_OBJC_LITERAL_CONVERSION = YES;
				CLANG_WARN_OBJC_ROOT_CLASS = YES_ERROR;
				CLANG_WARN_QUOTED_INCLUDE_IN_FRAMEWORK_HEADER = YES;
				CLANG_WARN_RANGE_LOOP_ANALYSIS = YES;
				CLANG_WARN_STRICT_PROTOTYPES = YES;
				CLANG_WARN_SUSPICIOUS_MOVE = YES;
				CLANG_WARN_UNGUARDED_AVAILABILITY = YES_AGGRESSIVE;
				CLANG_WARN_UNREACHABLE_CODE = YES;
				CLANG_WARN__DUPLICATE_METHOD_MATCH = YES;
				COPY_PHASE_STRIP = NO;
				DEBUG_INFORMATION_FORMAT = "dwarf-with-dsym";
				ENABLE_NS_ASSERTIONS = NO;
				ENABLE_STRICT_OBJC_MSGSEND = YES;
				GCC_C_LANGUAGE_STANDARD = gnu11;
				GCC_NO_COMMON_BLOCKS = YES;
				GCC_WARN_64_TO_32_BIT_CONVERSION = YES;
				GCC_WARN_ABOUT_RETURN_TYPE = YES_ERROR;
				GCC_WARN_UNDECLARED_SELECTOR = YES;
				GCC_WARN_UNINITIALIZED_AUTOS = YES_AGGRESSIVE;
				GCC_WARN_UNUSED_FUNCTION = YES;
				GCC_WARN_UNUSED_VARIABLE = YES;
				IPHONEOS_DEPLOYMENT_TARGET = 15.0;
				MTL_ENABLE_DEBUG_INFO = NO;
				MTL_FAST_MATH = YES;
				SDKROOT = iphoneos;
				SWIFT_COMPILATION_MODE = wholemodule;
				SWIFT_OPTIMIZATION_LEVEL = "-O";
				VALIDATE_PRODUCT = YES;
			};
			name = Release;
		};
		6C93C8A62848A0D600792302 /* Debug */ = {
			isa = XCBuildConfiguration;
			baseConfigurationReference = ECA25E53BA5E42E12055CF57 /* Pods-github-search.debug.xcconfig */;
			buildSettings = {
				ASSETCATALOG_COMPILER_APPICON_NAME = AppIcon;
				ASSETCATALOG_COMPILER_GLOBAL_ACCENT_COLOR_NAME = AccentColor;
				CODE_SIGN_STYLE = Automatic;
				CURRENT_PROJECT_VERSION = 1;
				DEVELOPMENT_TEAM = L5W87GC5M7;
				GENERATE_INFOPLIST_FILE = YES;
				INFOPLIST_FILE = "github-search/Resources/Info.plist";
				INFOPLIST_KEY_UIApplicationSupportsIndirectInputEvents = YES;
				INFOPLIST_KEY_UILaunchStoryboardName = LaunchScreen;
				INFOPLIST_KEY_UIMainStoryboardFile = LaunchScreen;
				INFOPLIST_KEY_UISupportedInterfaceOrientations_iPad = "UIInterfaceOrientationPortrait UIInterfaceOrientationPortraitUpsideDown UIInterfaceOrientationLandscapeLeft UIInterfaceOrientationLandscapeRight";
				INFOPLIST_KEY_UISupportedInterfaceOrientations_iPhone = "UIInterfaceOrientationPortrait UIInterfaceOrientationLandscapeLeft UIInterfaceOrientationLandscapeRight";
				IPHONEOS_DEPLOYMENT_TARGET = 12.0;
				LD_RUNPATH_SEARCH_PATHS = (
					"$(inherited)",
					"@executable_path/Frameworks",
				);
				MARKETING_VERSION = 1.0;
				PRODUCT_BUNDLE_IDENTIFIER = "com.my-team.github-search";
				PRODUCT_NAME = "$(TARGET_NAME)";
				SWIFT_EMIT_LOC_STRINGS = YES;
				SWIFT_VERSION = 5.0;
				TARGETED_DEVICE_FAMILY = 1;
			};
			name = Debug;
		};
		6C93C8A72848A0D600792302 /* Release */ = {
			isa = XCBuildConfiguration;
			baseConfigurationReference = A98566FB01FC336EDE703552 /* Pods-github-search.release.xcconfig */;
			buildSettings = {
				ASSETCATALOG_COMPILER_APPICON_NAME = AppIcon;
				ASSETCATALOG_COMPILER_GLOBAL_ACCENT_COLOR_NAME = AccentColor;
				CODE_SIGN_STYLE = Automatic;
				CURRENT_PROJECT_VERSION = 1;
				DEVELOPMENT_TEAM = L5W87GC5M7;
				GENERATE_INFOPLIST_FILE = YES;
				INFOPLIST_FILE = "github-search/Resources/Info.plist";
				INFOPLIST_KEY_UIApplicationSupportsIndirectInputEvents = YES;
				INFOPLIST_KEY_UILaunchStoryboardName = LaunchScreen;
				INFOPLIST_KEY_UIMainStoryboardFile = LaunchScreen;
				INFOPLIST_KEY_UISupportedInterfaceOrientations_iPad = "UIInterfaceOrientationPortrait UIInterfaceOrientationPortraitUpsideDown UIInterfaceOrientationLandscapeLeft UIInterfaceOrientationLandscapeRight";
				INFOPLIST_KEY_UISupportedInterfaceOrientations_iPhone = "UIInterfaceOrientationPortrait UIInterfaceOrientationLandscapeLeft UIInterfaceOrientationLandscapeRight";
				IPHONEOS_DEPLOYMENT_TARGET = 12.0;
				LD_RUNPATH_SEARCH_PATHS = (
					"$(inherited)",
					"@executable_path/Frameworks",
				);
				MARKETING_VERSION = 1.0;
				PRODUCT_BUNDLE_IDENTIFIER = "com.my-team.github-search";
				PRODUCT_NAME = "$(TARGET_NAME)";
				SWIFT_EMIT_LOC_STRINGS = YES;
				SWIFT_VERSION = 5.0;
				TARGETED_DEVICE_FAMILY = 1;
			};
			name = Release;
		};
		6C93C8A92848A0D600792302 /* Debug */ = {
			isa = XCBuildConfiguration;
			baseConfigurationReference = 3C87B25F781CEDD86FA220EE /* Pods-github-searchTests.debug.xcconfig */;
			buildSettings = {
				ALWAYS_EMBED_SWIFT_STANDARD_LIBRARIES = YES;
				BUNDLE_LOADER = "$(TEST_HOST)";
				CODE_SIGN_STYLE = Automatic;
				CURRENT_PROJECT_VERSION = 1;
				DEVELOPMENT_TEAM = L5W87GC5M7;
				GENERATE_INFOPLIST_FILE = YES;
				IPHONEOS_DEPLOYMENT_TARGET = 15.0;
				LD_RUNPATH_SEARCH_PATHS = (
					"$(inherited)",
					"@executable_path/Frameworks",
					"@loader_path/Frameworks",
				);
				MARKETING_VERSION = 1.0;
				PRODUCT_BUNDLE_IDENTIFIER = "com.my-team.github-searchTests";
				PRODUCT_NAME = "$(TARGET_NAME)";
				SWIFT_EMIT_LOC_STRINGS = NO;
				SWIFT_VERSION = 5.0;
				TARGETED_DEVICE_FAMILY = "1,2";
				TEST_HOST = "$(BUILT_PRODUCTS_DIR)/github-search.app/github-search";
			};
			name = Debug;
		};
		6C93C8AA2848A0D600792302 /* Release */ = {
			isa = XCBuildConfiguration;
			baseConfigurationReference = 792B015A9B1DC868A1220B6E /* Pods-github-searchTests.release.xcconfig */;
			buildSettings = {
				ALWAYS_EMBED_SWIFT_STANDARD_LIBRARIES = YES;
				BUNDLE_LOADER = "$(TEST_HOST)";
				CODE_SIGN_STYLE = Automatic;
				CURRENT_PROJECT_VERSION = 1;
				DEVELOPMENT_TEAM = L5W87GC5M7;
				GENERATE_INFOPLIST_FILE = YES;
				IPHONEOS_DEPLOYMENT_TARGET = 15.0;
				LD_RUNPATH_SEARCH_PATHS = (
					"$(inherited)",
					"@executable_path/Frameworks",
					"@loader_path/Frameworks",
				);
				MARKETING_VERSION = 1.0;
				PRODUCT_BUNDLE_IDENTIFIER = "com.my-team.github-searchTests";
				PRODUCT_NAME = "$(TARGET_NAME)";
				SWIFT_EMIT_LOC_STRINGS = NO;
				SWIFT_VERSION = 5.0;
				TARGETED_DEVICE_FAMILY = "1,2";
				TEST_HOST = "$(BUILT_PRODUCTS_DIR)/github-search.app/github-search";
			};
			name = Release;
		};
		6C93C8AC2848A0D600792302 /* Debug */ = {
			isa = XCBuildConfiguration;
			baseConfigurationReference = C0DFC1DCC8B1027595B606A0 /* Pods-github-search-github-searchUITests.debug.xcconfig */;
			buildSettings = {
				ALWAYS_EMBED_SWIFT_STANDARD_LIBRARIES = YES;
				CODE_SIGN_STYLE = Automatic;
				CURRENT_PROJECT_VERSION = 1;
				DEVELOPMENT_TEAM = L5W87GC5M7;
				GENERATE_INFOPLIST_FILE = YES;
				LD_RUNPATH_SEARCH_PATHS = (
					"$(inherited)",
					"@executable_path/Frameworks",
					"@loader_path/Frameworks",
				);
				MARKETING_VERSION = 1.0;
				PRODUCT_BUNDLE_IDENTIFIER = "com.my-team.github-searchUITests";
				PRODUCT_NAME = "$(TARGET_NAME)";
				SWIFT_EMIT_LOC_STRINGS = NO;
				SWIFT_VERSION = 5.0;
				TARGETED_DEVICE_FAMILY = "1,2";
				TEST_TARGET_NAME = "github-search";
			};
			name = Debug;
		};
		6C93C8AD2848A0D600792302 /* Release */ = {
			isa = XCBuildConfiguration;
			baseConfigurationReference = 5370325CF415FAD60FBDFE52 /* Pods-github-search-github-searchUITests.release.xcconfig */;
			buildSettings = {
				ALWAYS_EMBED_SWIFT_STANDARD_LIBRARIES = YES;
				CODE_SIGN_STYLE = Automatic;
				CURRENT_PROJECT_VERSION = 1;
				DEVELOPMENT_TEAM = L5W87GC5M7;
				GENERATE_INFOPLIST_FILE = YES;
				LD_RUNPATH_SEARCH_PATHS = (
					"$(inherited)",
					"@executable_path/Frameworks",
					"@loader_path/Frameworks",
				);
				MARKETING_VERSION = 1.0;
				PRODUCT_BUNDLE_IDENTIFIER = "com.my-team.github-searchUITests";
				PRODUCT_NAME = "$(TARGET_NAME)";
				SWIFT_EMIT_LOC_STRINGS = NO;
				SWIFT_VERSION = 5.0;
				TARGETED_DEVICE_FAMILY = "1,2";
				TEST_TARGET_NAME = "github-search";
			};
			name = Release;
		};
/* End XCBuildConfiguration section */

/* Begin XCConfigurationList section */
		6C93C8762848A0D300792302 /* Build configuration list for PBXProject "github-search" */ = {
			isa = XCConfigurationList;
			buildConfigurations = (
				6C93C8A32848A0D600792302 /* Debug */,
				6C93C8A42848A0D600792302 /* Release */,
			);
			defaultConfigurationIsVisible = 0;
			defaultConfigurationName = Release;
		};
		6C93C8A52848A0D600792302 /* Build configuration list for PBXNativeTarget "github-search" */ = {
			isa = XCConfigurationList;
			buildConfigurations = (
				6C93C8A62848A0D600792302 /* Debug */,
				6C93C8A72848A0D600792302 /* Release */,
			);
			defaultConfigurationIsVisible = 0;
			defaultConfigurationName = Release;
		};
		6C93C8A82848A0D600792302 /* Build configuration list for PBXNativeTarget "github-searchTests" */ = {
			isa = XCConfigurationList;
			buildConfigurations = (
				6C93C8A92848A0D600792302 /* Debug */,
				6C93C8AA2848A0D600792302 /* Release */,
			);
			defaultConfigurationIsVisible = 0;
			defaultConfigurationName = Release;
		};
		6C93C8AB2848A0D600792302 /* Build configuration list for PBXNativeTarget "github-searchUITests" */ = {
			isa = XCConfigurationList;
			buildConfigurations = (
				6C93C8AC2848A0D600792302 /* Debug */,
				6C93C8AD2848A0D600792302 /* Release */,
			);
			defaultConfigurationIsVisible = 0;
			defaultConfigurationName = Release;
		};
/* End XCConfigurationList section */
	};
	rootObject = 6C93C8732848A0D300792302 /* Project object */;
}
